context:
  value:
    heading: This intuitive interface gives editors creative control over content
    description: The Wagtail StreamField interface is intuitive and gives editors creative control over content.
    image: fake
    image_on_right: False
    meta_icon: explanation
    meta_text: Consequatur aliquid ut
    cta:
      text: Check this out
      url: '#'

tags:
  image:
    value.image fill-650x500 class="highlight__image":
      raw: |
        <img src="https://via.placeholder.com/650x500" alt="Some alt" class="highlight__image">
