context:
  value:
    icon_bullets:
      - icon: rollback
        heading: Heading 1
        description: <p><strong>Lorem</strong> <em>ipsum</em> dolor sit amet, consectetur adipiscing elit</p>
        cta:
          text: Check this out
          url: '#'
      - icon: speech-bubble
        heading: Heading 2
        description: <p><strong>Lorem</strong> <em>ipsum</em> dolor sit amet, consectetur adipiscing elit</p>
        cta:
          text: Learn more
          url: '#'
      - icon: table-tennis
        heading: Heading 3
        description: <p><strong>Lorem</strong> <em>ipsum</em> dolor sit amet, consectetur adipiscing elit</p>
        cta:
          text: Subscribe
          url: '#'
      - icon: release-cycle
        heading: Heading 4
        description: <p><strong>Lorem</strong> <em>ipsum</em> dolor sit amet, consectetur adipiscing elit</p>
        cta:
          text: Sign up now
          url: '#'
      - icon: bread
        heading: Heading 5
        description: <p><strong>Lorem</strong> <em>ipsum</em> dolor sit amet, consectetur adipiscing elit</p>
        cta:
          text: How it works
          url: '#'
