context:
  value:
    cards:
      - text: Senior Python Developer
        description: Take the lead on building web apps, helping to improve Wagtail and working in a multidisciplinary team environment to solve complex problems.
        meta_icon: location-pin
        meta_text: UK, US, Philippines & Remote
        logo: fake
        publication_date: false
      - text: Senior Wagtail Developer
        description: By joining our Wagtail product team you'll learn from the likes of Django Fellows
        meta_icon: location-pin
        meta_text: Philippines
        logo: fake
        link_url: 'https://www.python.org/'
        publication_date: false
      - text: Software Developer Intern
        description: An exciting opportunity to build a modern and completely different cloud-based app hosting platform...
        meta_icon: location-pin
        meta_text: UK, US, Philippines & Remote
        logo: fake
        link_url: 'https://reactjs.org/'
        publication_date: false
      - text: Product Marketing Intern
        description: If you are looking for an opportunity to get hands-on experience in defining a market and launch a product, this is the opportunity for you!
        meta_icon: location-pin
        meta_text: Philippines
        logo: fake
        link_url: 'https://vuejs.org/'
        publication_date: false

tags:
  image:
    value.logo fill-140x90 class="logo-card__image":
      raw: |
        <img src="https://placehold.co/140x90" alt="Some alt" class="logo-card__image">
